// !$*UTF8*$!
{
	archiveVersion = 1;
	classes = {
	};
	objectVersion = 46;
	objects = {

/* Begin PBXFileReference section */
		629DBEB21B5794020003F398 /* main.h */ = {isa = PBXFileReference; lastKnownFileType = sourcecode.c.h; path = main.h; sourceTree = "<group>"; };
/* End PBXFileReference section */

/* Begin PBXGroup section */
		627D11DD1B57929A00FD8F0C = {
			isa = PBXGroup;
			children = (
				629DBEB21B5794020003F398 /* main.h */,
			);
			sourceTree = "<group>";
		};
/* End PBXGroup section */

/* Begin PBXProject section */
		627D11DE1B57929A00FD8F0C /* Project object */ = {
			isa = PBXProject;
			attributes = {
				LastUpgradeCheck = 0610;
			};
			buildConfigurationList = 627D11E11B57929A00FD8F0C /* Build configuration list for PBXProject "Firstwork" */;
			compatibilityVersion = "Xcode 3.2";
			developmentRegion = English;
			hasScannedForEncodings = 0;
			knownRegions = (
				en,
			);
			mainGroup = 627D11DD1B57929A00FD8F0C;
			projectDirPath = "";
			projectRoot = "";
			targets = (
			);
		};
/* End PBXProject section */

/* Begin XCBuildConfiguration section */
		627D11E21B57929A00FD8F0C /* Debug */ = {
			isa = XCBuildConfiguration;
			buildSettings = {
			};
			name = Debug;
		};
		627D11E31B57929A00FD8F0C /* Release */ = {
			isa = XCBuildConfiguration;
			buildSettings = {
			};
			name = Release;
		};
/* End XCBuildConfiguration section */

/* Begin XCConfigurationList section */
		627D11E11B57929A00FD8F0C /* Build configuration list for PBXProject "Firstwork" */ = {
			isa = XCConfigurationList;
			buildConfigurations = (
				627D11E21B57929A00FD8F0C /* Debug */,
				627D11E31B57929A00FD8F0C /* Release */,
			);
			defaultConfigurationIsVisible = 0;
			defaultConfigurationName = Release;
		};
/* End XCConfigurationList section */
	};
	rootObject = 627D11DE1B57929A00FD8F0C /* Project object */;
}
